
Microsoft Visual Studio Solution File, Format Version 12.00
# Visual Studio Version 16
VisualStudioVersion = 16.0.29920.165
MinimumVisualStudioVersion = 10.0.40219.1
Project("{8BC9CEB8-8B4A-11D0-8D11-00A0C91BC942}") = "ConsoleforAndr", "ConsoleforAndr\ConsoleforAndr.vcxproj", "{B76E5E57-391E-4A14-959D-0180ED2DE77D}"
EndProject
Global
	GlobalSection(SolutionConfigurationPlatforms) = preSolution
		Debug|x64 = Debug|x64
		Debug|x86 = Debug|x86
		Release|x64 = Release|x64
		Release|x86 = Release|x86
	EndGlobalSection
	GlobalSection(ProjectConfigurationPlatforms) = postSolution
		{B76E5E57-391E-4A14-959D-0180ED2DE77D}.Debug|x64.ActiveCfg = Debug|x64
		{B76E5E57-391E-4A14-959D-0180ED2DE77D}.Debug|x64.Build.0 = Debug|x64
		{B76E5E57-391E-4A14-959D-0180ED2DE77D}.Debug|x86.ActiveCfg = Debug|Win32
		{B76E5E57-391E-4A14-959D-0180ED2DE77D}.Debug|x86.Build.0 = Debug|Win32
		{B76E5E57-391E-4A14-959D-0180ED2DE77D}.Release|x64.ActiveCfg = Release|x64
		{B76E5E57-391E-4A14-959D-0180ED2DE77D}.Release|x64.Build.0 = Release|x64
		{B76E5E57-391E-4A14-959D-0180ED2DE77D}.Release|x86.ActiveCfg = Release|Win32
		{B76E5E57-391E-4A14-959D-0180ED2DE77D}.Release|x86.Build.0 = Release|Win32
	EndGlobalSection
	GlobalSection(SolutionProperties) = preSolution
		HideSolutionNode = FALSE
	EndGlobalSection
	GlobalSection(ExtensibilityGlobals) = postSolution
		SolutionGuid = {04938A8C-A97A-4B25-9450-B1AF1048CB06}
	EndGlobalSection
EndGlobal
